
Microsoft Visual Studio Solution File, Format Version 12.00
# Visual Studio Version 16
VisualStudioVersion = 16.0.30621.155
MinimumVisualStudioVersion = 10.0.40219.1
Project("{9A19103F-16F7-4668-BE54-9A1E7A4F7556}") = "CamaraMovil.Server", "CamaraMovil\Server\CamaraMovil.Server.csproj", "{08C2D5F5-3DB5-4940-93B7-7789B35716FC}"
EndProject
Project("{9A19103F-16F7-4668-BE54-9A1E7A4F7556}") = "CamaraMovil.Client", "CamaraMovil\Client\CamaraMovil.Client.csproj", "{D6E4F95F-98F3-4471-936F-E18A7988F6C5}"
EndProject
Project("{9A19103F-16F7-4668-BE54-9A1E7A4F7556}") = "CamaraMovil.Shared", "CamaraMovil\Shared\CamaraMovil.Shared.csproj", "{BAF2DEFF-F5B3-4668-9A7E-7A004DF71A78}"
EndProject
Global
	GlobalSection(SolutionConfigurationPlatforms) = preSolution
		Debug|Any CPU = Debug|Any CPU
		Release|Any CPU = Release|Any CPU
	EndGlobalSection
	GlobalSection(ProjectConfigurationPlatforms) = postSolution
		{08C2D5F5-3DB5-4940-93B7-7789B35716FC}.Debug|Any CPU.ActiveCfg = Debug|Any CPU
		{08C2D5F5-3DB5-4940-93B7-7789B35716FC}.Debug|Any CPU.Build.0 = Debug|Any CPU
		{08C2D5F5-3DB5-4940-93B7-7789B35716FC}.Release|Any CPU.ActiveCfg = Release|Any CPU
		{08C2D5F5-3DB5-4940-93B7-7789B35716FC}.Release|Any CPU.Build.0 = Release|Any CPU
		{D6E4F95F-98F3-4471-936F-E18A7988F6C5}.Debug|Any CPU.ActiveCfg = Debug|Any CPU
		{D6E4F95F-98F3-4471-936F-E18A7988F6C5}.Debug|Any CPU.Build.0 = Debug|Any CPU
		{D6E4F95F-98F3-4471-936F-E18A7988F6C5}.Release|Any CPU.ActiveCfg = Release|Any CPU
		{D6E4F95F-98F3-4471-936F-E18A7988F6C5}.Release|Any CPU.Build.0 = Release|Any CPU
		{BAF2DEFF-F5B3-4668-9A7E-7A004DF71A78}.Debug|Any CPU.ActiveCfg = Debug|Any CPU
		{BAF2DEFF-F5B3-4668-9A7E-7A004DF71A78}.Debug|Any CPU.Build.0 = Debug|Any CPU
		{BAF2DEFF-F5B3-4668-9A7E-7A004DF71A78}.Release|Any CPU.ActiveCfg = Release|Any CPU
		{BAF2DEFF-F5B3-4668-9A7E-7A004DF71A78}.Release|Any CPU.Build.0 = Release|Any CPU
	EndGlobalSection
	GlobalSection(SolutionProperties) = preSolution
		HideSolutionNode = FALSE
	EndGlobalSection
	GlobalSection(ExtensibilityGlobals) = postSolution
		SolutionGuid = {879019D0-549A-473B-B536-6EF8D6265A5E}
	EndGlobalSection
EndGlobal
